# This file is autogenerated, do not edit; changes may be undone by the next 'dep ensure'.


[[projects]]
  digest = "1:5bb36304653e73c2ced864d49c9f344e7141a7ceef852442edcea212094ebc3c"
  name = "github.com/beorn7/perks"
  packages = ["quantile"]
  pruneopts = "UT"
  revision = "4c0e84591b9aa9e6dcfdf3e020114cd81f89d5f9"

[[projects]]
  branch = "master"
  digest = "1:2099049d052c80cc81243a4c5f691667161425d1cf6aa64b05d23f6bc640a0a3"
  name = "github.com/bmizerany/pat"
  packages = ["."]
  pruneopts = "UT"
  revision = "6226ea591a40176dd3ff9cd8eff81ed6ca721a00"

[[projects]]
  digest = "1:c39dfcfa2abd58252582ce6e06c998defe7b0c20d0c6a8064ac7b0e85dd411a9"
  name = "github.com/concourse/concourse"
  packages = [
    "atc",
    "atc/event",
    "go-concourse/concourse",
    "go-concourse/concourse/eventstream",
    "go-concourse/concourse/internal",
  ]
  pruneopts = "UT"
  revision = "5fbc955361340543932f4bd32f58a6b2ce6d5e69"

[[projects]]
  digest = "1:2edd2416f89b4e841df0e4a78802ce14d2bc7ad79eba1a45986e39f0f8cb7d87"
  name = "github.com/golang/glog"
  packages = ["."]
  pruneopts = "UT"
  revision = "44145f04b68cf362d9c4df2182967c2275eaefed"

[[projects]]
  digest = "1:15042ad3498153684d09f393bbaec6b216c8eec6d61f63dff711de7d64ed8861"
  name = "github.com/golang/protobuf"
  packages = ["proto"]
  pruneopts = "UT"
  revision = "b4deda0973fb4c70b50d226b1af49f3da59f5265"
  version = "v1.1.0"

[[projects]]
  digest = "1:735716f5110099c85997715fe9b0fabfebfb8589766030b49498fc6738e7d4ac"
  name = "github.com/google/jsonapi"
  packages = ["."]
  pruneopts = "UT"
  revision = "5d047c6bc66b8e144c5c82f15c952f114626463b"

[[projects]]
  digest = "1:3217800110ab50cd0e0784307be46b5344c0c103dbd15a16d0994ae4abdc96ab"
  name = "github.com/jessevdk/go-flags"
  packages = ["."]
  pruneopts = "UT"
  revision = "1c38ed7ad0cc3d9e66649ac398c30e45f395c4eb"

[[projects]]
  digest = "1:f1bb94f5fab2a670687ec7a30a9160b0193d147ae82d5650231c01b2b3a8d0db"
  name = "github.com/matttproud/golang_protobuf_extensions"
  packages = ["pbutil"]
  pruneopts = "UT"
  revision = "fc2b8d3a73c4867e51861bbdd5ae3c1f0869dd6a"

[[projects]]
  digest = "1:56a0bd1a1f3809171d1abe0bfd389558be0cd672e858e1f831b88f806aa8764f"
  name = "github.com/mitchellh/mapstructure"
  packages = ["."]
  pruneopts = "UT"
  revision = "06020f85339e21b2478f756a78e295255ffa4d6a"

[[projects]]
  branch = "master"
  digest = "1:e84645e190f18dc540ecb2e818fcd7d738a6efe3c222ce3b34e35684a82dda99"
  name = "github.com/oklog/run"
  packages = ["."]
  pruneopts = "UT"
  revision = "6934b124db28979da51d3470dadfa34d73d72652"

[[projects]]
  digest = "1:147655d8f7d8cf2b4bdd8f9922c11a2417af3b4f198594de1c137bea1e33d9dc"
  name = "github.com/peterhellberg/link"
  packages = ["."]
  pruneopts = "UT"
  revision = "6d32b8d78d1e440948a1c461c5abcc6bf7881641"

[[projects]]
  digest = "1:dd4ab0a5e6fc4bcef3c5069336a9841f0af6bac58233c119a562f76f86dd6009"
  name = "github.com/prometheus/client_golang"
  packages = [
    "prometheus",
    "prometheus/promhttp",
  ]
  pruneopts = "UT"
  revision = "fcc130e101e76c5d303513d0e28f4b6d732845c7"

[[projects]]
  digest = "1:32d10bdfa8f09ecf13598324dba86ab891f11db3c538b6a34d1c3b5b99d7c36b"
  name = "github.com/prometheus/client_model"
  packages = ["go"]
  pruneopts = "UT"
  revision = "99fa1f4be8e564e8a6b613da7fa6f46c9edafc6c"

[[projects]]
  digest = "1:0d5f8e2195ad2beef202367f3217c4a7981582d96ccf4876b9aa2c5c9c9b3510"
  name = "github.com/prometheus/common"
  packages = [
    "expfmt",
    "internal/bitbucket.org/ww/goautoneg",
    "model",
  ]
  pruneopts = "UT"
  revision = "13ba4ddd0caa9c28ca7b7bffe1dfa9ed8d5ef207"

[[projects]]
  digest = "1:c78edab144d03422b52cd34d5fa4ffc9a59fef90b3afdcf2efc4dd333479f243"
  name = "github.com/prometheus/procfs"
  packages = [
    ".",
    "xfs",
  ]
  pruneopts = "UT"
  revision = "65c1f6f8f0fc1e2185eb9863a3bc751496404259"

[[projects]]
  branch = "master"
  digest = "1:20713725f34641587646fe96547e10b30d49ee466105ab388889cd9ca9689e6c"
  name = "github.com/sapcc/webhook-broadcaster"
  packages = ["prometheus"]
  pruneopts = "UT"
  revision = "3fd5939739f73fd60f6dc91c6f269cefcb518f09"

[[projects]]
  branch = "master"
  digest = "1:3289ea00737f8901f080003f74827d88d3baa998a0e7e1e2cdf7ed52773c3582"
  name = "github.com/tedsuo/rata"
  packages = ["."]
  pruneopts = "UT"
  revision = "07d200713958d05692ac35aa8b5f1949342fee80"

[[projects]]
  branch = "master"
  digest = "1:25253213243fe3cf02abf5820334bc5ba13a6a743480f1c5f80c2611d6ece9df"
  name = "github.com/vito/go-sse"
  packages = ["sse"]
  pruneopts = "UT"
  revision = "fd69d275caac5d78d793e77ddbe9bd2001d9b88d"

[[projects]]
  digest = "1:6ad2104db8f34b8656382ef0a7297b9a5cc42e7bdce95d968e02b92fc97470d1"
  name = "golang.org/x/net"
  packages = ["context"]
  pruneopts = "UT"
  revision = "1c05540f6879653db88113bc4a2b70aec4bd491f"

[[projects]]
  digest = "1:9359217acc6040b4be710ce34473acef28023ad39bfafecea34ffaea7f1e1890"
  name = "golang.org/x/oauth2"
  packages = [
    ".",
    "internal",
  ]
  pruneopts = "UT"
  revision = "a6bd8cefa1811bd24b86f8902872e4e8225f74c4"

[[projects]]
  digest = "1:d37b0ef2944431fe9e8ef35c6fffc8990d9e2ca300588df94a6890f3649ae365"
  name = "golang.org/x/time"
  packages = ["rate"]
  pruneopts = "UT"
  revision = "f51c12702a4d776e4c1fa9b0fabab841babae631"

[[projects]]
  digest = "1:52133d6859535332391e6193c8878d06347f28881111efa900392802485e9a18"
  name = "google.golang.org/appengine"
  packages = [
    "internal",
    "internal/base",
    "internal/datastore",
    "internal/log",
    "internal/remote_api",
    "internal/urlfetch",
    "urlfetch",
  ]
  pruneopts = "UT"
  revision = "9d8544a6b2c7df9cff240fcf92d7b2f59bc13416"

[[projects]]
  digest = "1:fa62cd569ff15e4dba6dfc6d826e97a7913ef299eccd5804c9d614a84863e485"
  name = "gopkg.in/yaml.v2"
  packages = ["."]
  pruneopts = "UT"
  revision = "670d4cfef0544295bc27a114dbac37980d83185a"

[[projects]]
  digest = "1:3d85d849a269e288611a96f5390764989368129e3744bd70565d3d51ed8b23e9"
  name = "k8s.io/apimachinery"
  packages = [
    "pkg/util/clock",
    "pkg/util/runtime",
    "pkg/util/wait",
  ]
  pruneopts = "UT"
  revision = "3d8ee2261517413977a62256b7d79644d7ffdc43"
  version = "kubernetes-1.11.6"

[[projects]]
  branch = "release-8.0"
  digest = "1:8d66fef1249b9b2105840377af3bab078604d3c298058f563685e88d2a9e6ad3"
  name = "k8s.io/client-go"
  packages = ["util/workqueue"]
  pruneopts = "UT"
  revision = "4022682532b3b46b46a31b4c6150cbf55174cf0f"

[solve-meta]
  analyzer-name = "dep"
  analyzer-version = 1
  input-imports = [
    "github.com/concourse/concourse/atc",
    "github.com/concourse/concourse/go-concourse/concourse",
    "github.com/oklog/run",
    "github.com/prometheus/client_golang/prometheus",
    "github.com/prometheus/client_golang/prometheus/promhttp",
    "github.com/sapcc/webhook-broadcaster/prometheus",
    "golang.org/x/oauth2",
    "k8s.io/apimachinery/pkg/util/wait",
    "k8s.io/client-go/util/workqueue",
  ]
  solver-name = "gps-cdcl"
  solver-version = 1
